// !$*UTF8*$!
{
	archiveVersion = 1;
	classes = {
	};
	objectVersion = 46;
	objects = {

/* Begin PBXBuildFile section */
		D55809191EC4786900B6D916 /* WeatherReportLiveDataTests.m in Sources */ = {isa = PBXBuildFile; fileRef = D55809181EC4786900B6D916 /* WeatherReportLiveDataTests.m */; };
		D56D2BB81EC120150019F018 /* main.m in Sources */ = {isa = PBXBuildFile; fileRef = D56D2BB71EC120150019F018 /* main.m */; };
		D56D2BBB1EC120150019F018 /* AppDelegate.m in Sources */ = {isa = PBXBuildFile; fileRef = D56D2BBA1EC120150019F018 /* AppDelegate.m */; };
		D56D2BC41EC120150019F018 /* Main.storyboard in Resources */ = {isa = PBXBuildFile; fileRef = D56D2BC21EC120150019F018 /* Main.storyboard */; };
		D56D2BC61EC120150019F018 /* Assets.xcassets in Resources */ = {isa = PBXBuildFile; fileRef = D56D2BC51EC120150019F018 /* Assets.xcassets */; };
		D56D2BC91EC120150019F018 /* LaunchScreen.storyboard in Resources */ = {isa = PBXBuildFile; fileRef = D56D2BC71EC120150019F018 /* LaunchScreen.storyboard */; };
		D56D2BE11EC123430019F018 /* HomeViewController.m in Sources */ = {isa = PBXBuildFile; fileRef = D56D2BE01EC123430019F018 /* HomeViewController.m */; };
		D56D2BE41EC123E00019F018 /* BookMarksTableViewCell.m in Sources */ = {isa = PBXBuildFile; fileRef = D56D2BE31EC123E00019F018 /* BookMarksTableViewCell.m */; };
		D56D2BE81EC1252B0019F018 /* Place.m in Sources */ = {isa = PBXBuildFile; fileRef = D56D2BE71EC1252B0019F018 /* Place.m */; };
		D58179521EC4A181000D2EE2 /* NoBookmarksYet.xib in Resources */ = {isa = PBXBuildFile; fileRef = D58179511EC4A181000D2EE2 /* NoBookmarksYet.xib */; };
		D5C1D25C1EC33D8600A34B9D /* HelpViewController.m in Sources */ = {isa = PBXBuildFile; fileRef = D5C1D25B1EC33D8600A34B9D /* HelpViewController.m */; };
		D5C1D25E1EC33DBB00A34B9D /* Help.plist in Resources */ = {isa = PBXBuildFile; fileRef = D5C1D25D1EC33DBB00A34B9D /* Help.plist */; };
		D5C1D2A81EC3A84A00A34B9D /* WeatherReportSettingsTests.m in Sources */ = {isa = PBXBuildFile; fileRef = D5C1D2A71EC3A84A00A34B9D /* WeatherReportSettingsTests.m */; };
		D5DFAD261EC47B2B00234FF8 /* WeatherReportMockedDataTests.m in Sources */ = {isa = PBXBuildFile; fileRef = D5DFAD251EC47B2B00234FF8 /* WeatherReportMockedDataTests.m */; };
		D5F4C3CE1EC3B3EF006A5BF2 /* SessionMock.m in Sources */ = {isa = PBXBuildFile; fileRef = D5F4C3CD1EC3B3EF006A5BF2 /* SessionMock.m */; };
		D5F4C3D11EC3CBF5006A5BF2 /* data.json in Resources */ = {isa = PBXBuildFile; fileRef = D5F4C3D01EC3CBF5006A5BF2 /* data.json */; };
		D5FC289B1EC26040002E7B03 /* DataManager.m in Sources */ = {isa = PBXBuildFile; fileRef = D5FC289A1EC26040002E7B03 /* DataManager.m */; };
		D5FC28A21EC26A3F002E7B03 /* WeatherCollectionReusableView.m in Sources */ = {isa = PBXBuildFile; fileRef = D5FC289D1EC26A3F002E7B03 /* WeatherCollectionReusableView.m */; };
		D5FC28A31EC26A3F002E7B03 /* WeatherCollectionViewCell.m in Sources */ = {isa = PBXBuildFile; fileRef = D5FC289F1EC26A3F002E7B03 /* WeatherCollectionViewCell.m */; };
		D5FC28A41EC26A3F002E7B03 /* WeatherInfo.m in Sources */ = {isa = PBXBuildFile; fileRef = D5FC28A11EC26A3F002E7B03 /* WeatherInfo.m */; };
		D5FC28A71EC26A7D002E7B03 /* CityViewController.m in Sources */ = {isa = PBXBuildFile; fileRef = D5FC28A61EC26A7D002E7B03 /* CityViewController.m */; };
		D5FC28AC1EC26B2B002E7B03 /* Settings.m in Sources */ = {isa = PBXBuildFile; fileRef = D5FC28AA1EC26B2B002E7B03 /* Settings.m */; };
		D5FC28AD1EC26B2B002E7B03 /* Settings.plist in Resources */ = {isa = PBXBuildFile; fileRef = D5FC28AB1EC26B2B002E7B03 /* Settings.plist */; };
		D5FC28B01EC273DA002E7B03 /* SettingListViewController.m in Sources */ = {isa = PBXBuildFile; fileRef = D5FC28AF1EC273DA002E7B03 /* SettingListViewController.m */; };
		D5FC28B31EC2746B002E7B03 /* SettingsViewController.m in Sources */ = {isa = PBXBuildFile; fileRef = D5FC28B21EC2746B002E7B03 /* SettingsViewController.m */; };
		D5FC28B61EC274E2002E7B03 /* SettingsButtonTableViewCell.m in Sources */ = {isa = PBXBuildFile; fileRef = D5FC28B51EC274E2002E7B03 /* SettingsButtonTableViewCell.m */; };
		D5FC28B91EC2788B002E7B03 /* CustomCollectionViewFlowLayout.m in Sources */ = {isa = PBXBuildFile; fileRef = D5FC28B81EC2788B002E7B03 /* CustomCollectionViewFlowLayout.m */; };
/* End PBXBuildFile section */

/* Begin PBXContainerItemProxy section */
		D5C1D2A21EC3A81400A34B9D /* PBXContainerItemProxy */ = {
			isa = PBXContainerItemProxy;
			containerPortal = D56D2BAB1EC120150019F018 /* Project object */;
			proxyType = 1;
			remoteGlobalIDString = D56D2BB21EC120150019F018;
			remoteInfo = WeatherReport;
		};
/* End PBXContainerItemProxy section */

/* Begin PBXFileReference section */
		D55809181EC4786900B6D916 /* WeatherReportLiveDataTests.m */ = {isa = PBXFileReference; fileEncoding = 4; lastKnownFileType = sourcecode.c.objc; path = WeatherReportLiveDataTests.m; sourceTree = "<group>"; };
		D56D2BB31EC120150019F018 /* WeatherReport.app */ = {isa = PBXFileReference; explicitFileType = wrapper.application; includeInIndex = 0; path = WeatherReport.app; sourceTree = BUILT_PRODUCTS_DIR; };
		D56D2BB71EC120150019F018 /* main.m */ = {isa = PBXFileReference; lastKnownFileType = sourcecode.c.objc; path = main.m; sourceTree = "<group>"; };
		D56D2BB91EC120150019F018 /* AppDelegate.h */ = {isa = PBXFileReference; lastKnownFileType = sourcecode.c.h; path = AppDelegate.h; sourceTree = "<group>"; };
		D56D2BBA1EC120150019F018 /* AppDelegate.m */ = {isa = PBXFileReference; lastKnownFileType = sourcecode.c.objc; path = AppDelegate.m; sourceTree = "<group>"; };
		D56D2BC31EC120150019F018 /* Base */ = {isa = PBXFileReference; lastKnownFileType = file.storyboard; name = Base; path = Base.lproj/Main.storyboard; sourceTree = "<group>"; };
		D56D2BC51EC120150019F018 /* Assets.xcassets */ = {isa = PBXFileReference; lastKnownFileType = folder.assetcatalog; path = Assets.xcassets; sourceTree = "<group>"; };
		D56D2BC81EC120150019F018 /* Base */ = {isa = PBXFileReference; lastKnownFileType = file.storyboard; name = Base; path = Base.lproj/LaunchScreen.storyboard; sourceTree = "<group>"; };
		D56D2BCA1EC120160019F018 /* Info.plist */ = {isa = PBXFileReference; lastKnownFileType = text.plist.xml; path = Info.plist; sourceTree = "<group>"; };
		D56D2BDF1EC123430019F018 /* HomeViewController.h */ = {isa = PBXFileReference; fileEncoding = 4; lastKnownFileType = sourcecode.c.h; path = HomeViewController.h; sourceTree = "<group>"; };
		D56D2BE01EC123430019F018 /* HomeViewController.m */ = {isa = PBXFileReference; fileEncoding = 4; lastKnownFileType = sourcecode.c.objc; path = HomeViewController.m; sourceTree = "<group>"; };
		D56D2BE21EC123E00019F018 /* BookMarksTableViewCell.h */ = {isa = PBXFileReference; fileEncoding = 4; lastKnownFileType = sourcecode.c.h; path = BookMarksTableViewCell.h; sourceTree = "<group>"; };
		D56D2BE31EC123E00019F018 /* BookMarksTableViewCell.m */ = {isa = PBXFileReference; fileEncoding = 4; lastKnownFileType = sourcecode.c.objc; path = BookMarksTableViewCell.m; sourceTree = "<group>"; };
		D56D2BE61EC1252B0019F018 /* Place.h */ = {isa = PBXFileReference; fileEncoding = 4; lastKnownFileType = sourcecode.c.h; path = Place.h; sourceTree = "<group>"; };
		D56D2BE71EC1252B0019F018 /* Place.m */ = {isa = PBXFileReference; fileEncoding = 4; lastKnownFileType = sourcecode.c.objc; path = Place.m; sourceTree = "<group>"; };
		D58179511EC4A181000D2EE2 /* NoBookmarksYet.xib */ = {isa = PBXFileReference; fileEncoding = 4; lastKnownFileType = file.xib; path = NoBookmarksYet.xib; sourceTree = "<group>"; };
		D5C1D25A1EC33D8600A34B9D /* HelpViewController.h */ = {isa = PBXFileReference; fileEncoding = 4; lastKnownFileType = sourcecode.c.h; path = HelpViewController.h; sourceTree = "<group>"; };
		D5C1D25B1EC33D8600A34B9D /* HelpViewController.m */ = {isa = PBXFileReference; fileEncoding = 4; lastKnownFileType = sourcecode.c.objc; path = HelpViewController.m; sourceTree = "<group>"; };
		D5C1D25D1EC33DBB00A34B9D /* Help.plist */ = {isa = PBXFileReference; fileEncoding = 4; lastKnownFileType = text.plist.xml; path = Help.plist; sourceTree = "<group>"; };
		D5C1D29D1EC3A81400A34B9D /* WeatherReportTests.xctest */ = {isa = PBXFileReference; explicitFileType = wrapper.cfbundle; includeInIndex = 0; path = WeatherReportTests.xctest; sourceTree = BUILT_PRODUCTS_DIR; };
		D5C1D2A11EC3A81400A34B9D /* Info.plist */ = {isa = PBXFileReference; lastKnownFileType = text.plist.xml; path = Info.plist; sourceTree = "<group>"; };
		D5C1D2A71EC3A84A00A34B9D /* WeatherReportSettingsTests.m */ = {isa = PBXFileReference; fileEncoding = 4; lastKnownFileType = sourcecode.c.objc; path = WeatherReportSettingsTests.m; sourceTree = "<group>"; };
		D5DFAD251EC47B2B00234FF8 /* WeatherReportMockedDataTests.m */ = {isa = PBXFileReference; fileEncoding = 4; lastKnownFileType = sourcecode.c.objc; path = WeatherReportMockedDataTests.m; sourceTree = "<group>"; };
		D5F4C3CC1EC3B3EF006A5BF2 /* SessionMock.h */ = {isa = PBXFileReference; fileEncoding = 4; lastKnownFileType = sourcecode.c.h; path = SessionMock.h; sourceTree = "<group>"; };
		D5F4C3CD1EC3B3EF006A5BF2 /* SessionMock.m */ = {isa = PBXFileReference; fileEncoding = 4; lastKnownFileType = sourcecode.c.objc; path = SessionMock.m; sourceTree = "<group>"; };
		D5F4C3D01EC3CBF5006A5BF2 /* data.json */ = {isa = PBXFileReference; fileEncoding = 4; lastKnownFileType = text.json; path = data.json; sourceTree = "<group>"; };
		D5FC28991EC26040002E7B03 /* DataManager.h */ = {isa = PBXFileReference; fileEncoding = 4; lastKnownFileType = sourcecode.c.h; path = DataManager.h; sourceTree = "<group>"; };
		D5FC289A1EC26040002E7B03 /* DataManager.m */ = {isa = PBXFileReference; fileEncoding = 4; lastKnownFileType = sourcecode.c.objc; path = DataManager.m; sourceTree = "<group>"; };
		D5FC289C1EC26A3F002E7B03 /* WeatherCollectionReusableView.h */ = {isa = PBXFileReference; fileEncoding = 4; lastKnownFileType = sourcecode.c.h; path = WeatherCollectionReusableView.h; sourceTree = "<group>"; };
		D5FC289D1EC26A3F002E7B03 /* WeatherCollectionReusableView.m */ = {isa = PBXFileReference; fileEncoding = 4; lastKnownFileType = sourcecode.c.objc; path = WeatherCollectionReusableView.m; sourceTree = "<group>"; };
		D5FC289E1EC26A3F002E7B03 /* WeatherCollectionViewCell.h */ = {isa = PBXFileReference; fileEncoding = 4; lastKnownFileType = sourcecode.c.h; path = WeatherCollectionViewCell.h; sourceTree = "<group>"; };
		D5FC289F1EC26A3F002E7B03 /* WeatherCollectionViewCell.m */ = {isa = PBXFileReference; fileEncoding = 4; lastKnownFileType = sourcecode.c.objc; path = WeatherCollectionViewCell.m; sourceTree = "<group>"; };
		D5FC28A01EC26A3F002E7B03 /* WeatherInfo.h */ = {isa = PBXFileReference; fileEncoding = 4; lastKnownFileType = sourcecode.c.h; path = WeatherInfo.h; sourceTree = "<group>"; };
		D5FC28A11EC26A3F002E7B03 /* WeatherInfo.m */ = {isa = PBXFileReference; fileEncoding = 4; lastKnownFileType = sourcecode.c.objc; path = WeatherInfo.m; sourceTree = "<group>"; };
		D5FC28A51EC26A7D002E7B03 /* CityViewController.h */ = {isa = PBXFileReference; fileEncoding = 4; lastKnownFileType = sourcecode.c.h; path = CityViewController.h; sourceTree = "<group>"; };
		D5FC28A61EC26A7D002E7B03 /* CityViewController.m */ = {isa = PBXFileReference; fileEncoding = 4; lastKnownFileType = sourcecode.c.objc; path = CityViewController.m; sourceTree = "<group>"; };
		D5FC28A91EC26B2B002E7B03 /* Settings.h */ = {isa = PBXFileReference; fileEncoding = 4; lastKnownFileType = sourcecode.c.h; path = Settings.h; sourceTree = "<group>"; };
		D5FC28AA1EC26B2B002E7B03 /* Settings.m */ = {isa = PBXFileReference; fileEncoding = 4; lastKnownFileType = sourcecode.c.objc; path = Settings.m; sourceTree = "<group>"; };
		D5FC28AB1EC26B2B002E7B03 /* Settings.plist */ = {isa = PBXFileReference; fileEncoding = 4; lastKnownFileType = text.plist.xml; path = Settings.plist; sourceTree = "<group>"; };
		D5FC28AE1EC273DA002E7B03 /* SettingListViewController.h */ = {isa = PBXFileReference; fileEncoding = 4; lastKnownFileType = sourcecode.c.h; path = SettingListViewController.h; sourceTree = "<group>"; };
		D5FC28AF1EC273DA002E7B03 /* SettingListViewController.m */ = {isa = PBXFileReference; fileEncoding = 4; lastKnownFileType = sourcecode.c.objc; path = SettingListViewController.m; sourceTree = "<group>"; };
		D5FC28B11EC2746B002E7B03 /* SettingsViewController.h */ = {isa = PBXFileReference; fileEncoding = 4; lastKnownFileType = sourcecode.c.h; path = SettingsViewController.h; sourceTree = "<group>"; };
		D5FC28B21EC2746B002E7B03 /* SettingsViewController.m */ = {isa = PBXFileReference; fileEncoding = 4; lastKnownFileType = sourcecode.c.objc; path = SettingsViewController.m; sourceTree = "<group>"; };
		D5FC28B41EC274E2002E7B03 /* SettingsButtonTableViewCell.h */ = {isa = PBXFileReference; fileEncoding = 4; lastKnownFileType = sourcecode.c.h; path = SettingsButtonTableViewCell.h; sourceTree = "<group>"; };
		D5FC28B51EC274E2002E7B03 /* SettingsButtonTableViewCell.m */ = {isa = PBXFileReference; fileEncoding = 4; lastKnownFileType = sourcecode.c.objc; path = SettingsButtonTableViewCell.m; sourceTree = "<group>"; };
		D5FC28B71EC2788B002E7B03 /* CustomCollectionViewFlowLayout.h */ = {isa = PBXFileReference; fileEncoding = 4; lastKnownFileType = sourcecode.c.h; path = CustomCollectionViewFlowLayout.h; sourceTree = "<group>"; };
		D5FC28B81EC2788B002E7B03 /* CustomCollectionViewFlowLayout.m */ = {isa = PBXFileReference; fileEncoding = 4; lastKnownFileType = sourcecode.c.objc; path = CustomCollectionViewFlowLayout.m; sourceTree = "<group>"; };
		D5FC28BA1EC27D3F002E7B03 /* PrefixHeader.pch */ = {isa = PBXFileReference; fileEncoding = 4; lastKnownFileType = sourcecode.c.h; path = PrefixHeader.pch; sourceTree = "<group>"; };
/* End PBXFileReference section */

/* Begin PBXFrameworksBuildPhase section */
		D56D2BB01EC120150019F018 /* Frameworks */ = {
			isa = PBXFrameworksBuildPhase;
			buildActionMask = 2147483647;
			files = (
			);
			runOnlyForDeploymentPostprocessing = 0;
		};
		D5C1D29A1EC3A81400A34B9D /* Frameworks */ = {
			isa = PBXFrameworksBuildPhase;
			buildActionMask = 2147483647;
			files = (
			);
			runOnlyForDeploymentPostprocessing = 0;
		};
/* End PBXFrameworksBuildPhase section */

/* Begin PBXGroup section */
		D56D2BAA1EC120150019F018 = {
			isa = PBXGroup;
			children = (
				D56D2BB51EC120150019F018 /* WeatherReport */,
				D5C1D29E1EC3A81400A34B9D /* WeatherReportTests */,
				D56D2BB41EC120150019F018 /* Products */,
			);
			sourceTree = "<group>";
		};
		D56D2BB41EC120150019F018 /* Products */ = {
			isa = PBXGroup;
			children = (
				D56D2BB31EC120150019F018 /* WeatherReport.app */,
				D5C1D29D1EC3A81400A34B9D /* WeatherReportTests.xctest */,
			);
			name = Products;
			sourceTree = "<group>";
		};
		D56D2BB51EC120150019F018 /* WeatherReport */ = {
			isa = PBXGroup;
			children = (
				D56D2BDE1EC123140019F018 /* Home */,
				D5FC28A81EC26AF8002E7B03 /* Settings */,
				D5C1D2591EC33D6000A34B9D /* Help */,
				D5FC28981EC26002002E7B03 /* Managers */,
				D56D2BE51EC1250B0019F018 /* Models */,
				D56D2BB91EC120150019F018 /* AppDelegate.h */,
				D56D2BBA1EC120150019F018 /* AppDelegate.m */,
				D56D2BC21EC120150019F018 /* Main.storyboard */,
				D56D2BC51EC120150019F018 /* Assets.xcassets */,
				D56D2BC71EC120150019F018 /* LaunchScreen.storyboard */,
				D56D2BCA1EC120160019F018 /* Info.plist */,
				D56D2BB61EC120150019F018 /* Supporting Files */,
				D5FC28BA1EC27D3F002E7B03 /* PrefixHeader.pch */,
			);
			path = WeatherReport;
			sourceTree = "<group>";
		};
		D56D2BB61EC120150019F018 /* Supporting Files */ = {
			isa = PBXGroup;
			children = (
				D56D2BB71EC120150019F018 /* main.m */,
			);
			name = "Supporting Files";
			sourceTree = "<group>";
		};
		D56D2BDE1EC123140019F018 /* Home */ = {
			isa = PBXGroup;
			children = (
				D56D2BDF1EC123430019F018 /* HomeViewController.h */,
				D56D2BE01EC123430019F018 /* HomeViewController.m */,
				D5FC28A51EC26A7D002E7B03 /* CityViewController.h */,
				D5FC28A61EC26A7D002E7B03 /* CityViewController.m */,
				D5FC28B71EC2788B002E7B03 /* CustomCollectionViewFlowLayout.h */,
				D5FC28B81EC2788B002E7B03 /* CustomCollectionViewFlowLayout.m */,
				D5FC289C1EC26A3F002E7B03 /* WeatherCollectionReusableView.h */,
				D5FC289D1EC26A3F002E7B03 /* WeatherCollectionReusableView.m */,
				D5FC28A01EC26A3F002E7B03 /* WeatherInfo.h */,
				D5FC28A11EC26A3F002E7B03 /* WeatherInfo.m */,
				D56D2BE21EC123E00019F018 /* BookMarksTableViewCell.h */,
				D56D2BE31EC123E00019F018 /* BookMarksTableViewCell.m */,
				D5FC289E1EC26A3F002E7B03 /* WeatherCollectionViewCell.h */,
				D5FC289F1EC26A3F002E7B03 /* WeatherCollectionViewCell.m */,
				D58179511EC4A181000D2EE2 /* NoBookmarksYet.xib */,
			);
			name = Home;
			sourceTree = "<group>";
		};
		D56D2BE51EC1250B0019F018 /* Models */ = {
			isa = PBXGroup;
			children = (
				D56D2BE61EC1252B0019F018 /* Place.h */,
				D56D2BE71EC1252B0019F018 /* Place.m */,
			);
			name = Models;
			sourceTree = "<group>";
		};
		D5C1D2591EC33D6000A34B9D /* Help */ = {
			isa = PBXGroup;
			children = (
				D5C1D25A1EC33D8600A34B9D /* HelpViewController.h */,
				D5C1D25B1EC33D8600A34B9D /* HelpViewController.m */,
				D5C1D25D1EC33DBB00A34B9D /* Help.plist */,
			);
			name = Help;
			sourceTree = "<group>";
		};
		D5C1D29E1EC3A81400A34B9D /* WeatherReportTests */ = {
			isa = PBXGroup;
			children = (
				D5C1D2A71EC3A84A00A34B9D /* WeatherReportSettingsTests.m */,
				D55809181EC4786900B6D916 /* WeatherReportLiveDataTests.m */,
				D5DFAD251EC47B2B00234FF8 /* WeatherReportMockedDataTests.m */,
				D5C1D2A11EC3A81400A34B9D /* Info.plist */,
				D5F4C3CC1EC3B3EF006A5BF2 /* SessionMock.h */,
				D5F4C3CD1EC3B3EF006A5BF2 /* SessionMock.m */,
				D5F4C3D01EC3CBF5006A5BF2 /* data.json */,
			);
			path = WeatherReportTests;
			sourceTree = "<group>";
		};
		D5FC28981EC26002002E7B03 /* Managers */ = {
			isa = PBXGroup;
			children = (
				D5FC28991EC26040002E7B03 /* DataManager.h */,
				D5FC289A1EC26040002E7B03 /* DataManager.m */,
			);
			name = Managers;
			sourceTree = "<group>";
		};
		D5FC28A81EC26AF8002E7B03 /* Settings */ = {
			isa = PBXGroup;
			children = (
				D5FC28B11EC2746B002E7B03 /* SettingsViewController.h */,
				D5FC28B21EC2746B002E7B03 /* SettingsViewController.m */,
				D5FC28AE1EC273DA002E7B03 /* SettingListViewController.h */,
				D5FC28AF1EC273DA002E7B03 /* SettingListViewController.m */,
				D5FC28B41EC274E2002E7B03 /* SettingsButtonTableViewCell.h */,
				D5FC28B51EC274E2002E7B03 /* SettingsButtonTableViewCell.m */,
				D5FC28A91EC26B2B002E7B03 /* Settings.h */,
				D5FC28AA1EC26B2B002E7B03 /* Settings.m */,
				D5FC28AB1EC26B2B002E7B03 /* Settings.plist */,
			);
			name = Settings;
			sourceTree = "<group>";
		};
/* End PBXGroup section */

/* Begin PBXNativeTarget section */
		D56D2BB21EC120150019F018 /* WeatherReport */ = {
			isa = PBXNativeTarget;
			buildConfigurationList = D56D2BD81EC120160019F018 /* Build configuration list for PBXNativeTarget "WeatherReport" */;
			buildPhases = (
				D56D2BAF1EC120150019F018 /* Sources */,
				D56D2BB01EC120150019F018 /* Frameworks */,
				D56D2BB11EC120150019F018 /* Resources */,
			);
			buildRules = (
			);
			dependencies = (
			);
			name = WeatherReport;
			productName = WeatherReport;
			productReference = D56D2BB31EC120150019F018 /* WeatherReport.app */;
			productType = "com.apple.product-type.application";
		};
		D5C1D29C1EC3A81400A34B9D /* WeatherReportTests */ = {
			isa = PBXNativeTarget;
			buildConfigurationList = D5C1D2A41EC3A81400A34B9D /* Build configuration list for PBXNativeTarget "WeatherReportTests" */;
			buildPhases = (
				D5C1D2991EC3A81400A34B9D /* Sources */,
				D5C1D29A1EC3A81400A34B9D /* Frameworks */,
				D5C1D29B1EC3A81400A34B9D /* Resources */,
			);
			buildRules = (
			);
			dependencies = (
				D5C1D2A31EC3A81400A34B9D /* PBXTargetDependency */,
			);
			name = WeatherReportTests;
			productName = WeatherReportTests;
			productReference = D5C1D29D1EC3A81400A34B9D /* WeatherReportTests.xctest */;
			productType = "com.apple.product-type.bundle.unit-test";
		};
/* End PBXNativeTarget section */

/* Begin PBXProject section */
		D56D2BAB1EC120150019F018 /* Project object */ = {
			isa = PBXProject;
			attributes = {
				LastUpgradeCheck = 0830;
				ORGANIZATIONNAME = "Tomislav Luketic";
				TargetAttributes = {
					D56D2BB21EC120150019F018 = {
						CreatedOnToolsVersion = 8.3.2;
						DevelopmentTeam = EDNPN88343;
						ProvisioningStyle = Automatic;
					};
					D5C1D29C1EC3A81400A34B9D = {
						CreatedOnToolsVersion = 8.3.2;
						DevelopmentTeam = EDNPN88343;
						ProvisioningStyle = Automatic;
						TestTargetID = D56D2BB21EC120150019F018;
					};
				};
			};
			buildConfigurationList = D56D2BAE1EC120150019F018 /* Build configuration list for PBXProject "WeatherReport" */;
			compatibilityVersion = "Xcode 3.2";
			developmentRegion = English;
			hasScannedForEncodings = 0;
			knownRegions = (
				en,
				Base,
			);
			mainGroup = D56D2BAA1EC120150019F018;
			productRefGroup = D56D2BB41EC120150019F018 /* Products */;
			projectDirPath = "";
			projectRoot = "";
			targets = (
				D56D2BB21EC120150019F018 /* WeatherReport */,
				D5C1D29C1EC3A81400A34B9D /* WeatherReportTests */,
			);
		};
/* End PBXProject section */

/* Begin PBXResourcesBuildPhase section */
		D56D2BB11EC120150019F018 /* Resources */ = {
			isa = PBXResourcesBuildPhase;
			buildActionMask = 2147483647;
			files = (
				D5C1D25E1EC33DBB00A34B9D /* Help.plist in Resources */,
				D58179521EC4A181000D2EE2 /* NoBookmarksYet.xib in Resources */,
				D56D2BC91EC120150019F018 /* LaunchScreen.storyboard in Resources */,
				D5FC28AD1EC26B2B002E7B03 /* Settings.plist in Resources */,
				D56D2BC61EC120150019F018 /* Assets.xcassets in Resources */,
				D56D2BC41EC120150019F018 /* Main.storyboard in Resources */,
			);
			runOnlyForDeploymentPostprocessing = 0;
		};
		D5C1D29B1EC3A81400A34B9D /* Resources */ = {
			isa = PBXResourcesBuildPhase;
			buildActionMask = 2147483647;
			files = (
				D5F4C3D11EC3CBF5006A5BF2 /* data.json in Resources */,
			);
			runOnlyForDeploymentPostprocessing = 0;
		};
/* End PBXResourcesBuildPhase section */

/* Begin PBXSourcesBuildPhase section */
		D56D2BAF1EC120150019F018 /* Sources */ = {
			isa = PBXSourcesBuildPhase;
			buildActionMask = 2147483647;
			files = (
				D5FC28B61EC274E2002E7B03 /* SettingsButtonTableViewCell.m in Sources */,
				D5FC28A21EC26A3F002E7B03 /* WeatherCollectionReusableView.m in Sources */,
				D56D2BE81EC1252B0019F018 /* Place.m in Sources */,
				D5FC289B1EC26040002E7B03 /* DataManager.m in Sources */,
				D5FC28B91EC2788B002E7B03 /* CustomCollectionViewFlowLayout.m in Sources */,
				D5FC28AC1EC26B2B002E7B03 /* Settings.m in Sources */,
				D56D2BE41EC123E00019F018 /* BookMarksTableViewCell.m in Sources */,
				D5C1D25C1EC33D8600A34B9D /* HelpViewController.m in Sources */,
				D56D2BBB1EC120150019F018 /* AppDelegate.m in Sources */,
				D5FC28A31EC26A3F002E7B03 /* WeatherCollectionViewCell.m in Sources */,
				D56D2BE11EC123430019F018 /* HomeViewController.m in Sources */,
				D5FC28A71EC26A7D002E7B03 /* CityViewController.m in Sources */,
				D5FC28A41EC26A3F002E7B03 /* WeatherInfo.m in Sources */,
				D56D2BB81EC120150019F018 /* main.m in Sources */,
				D5FC28B01EC273DA002E7B03 /* SettingListViewController.m in Sources */,
				D5FC28B31EC2746B002E7B03 /* SettingsViewController.m in Sources */,
			);
			runOnlyForDeploymentPostprocessing = 0;
		};
		D5C1D2991EC3A81400A34B9D /* Sources */ = {
			isa = PBXSourcesBuildPhase;
			buildActionMask = 2147483647;
			files = (
				D5C1D2A81EC3A84A00A34B9D /* WeatherReportSettingsTests.m in Sources */,
				D55809191EC4786900B6D916 /* WeatherReportLiveDataTests.m in Sources */,
				D5DFAD261EC47B2B00234FF8 /* WeatherReportMockedDataTests.m in Sources */,
				D5F4C3CE1EC3B3EF006A5BF2 /* SessionMock.m in Sources */,
			);
			runOnlyForDeploymentPostprocessing = 0;
		};
/* End PBXSourcesBuildPhase section */

/* Begin PBXTargetDependency section */
		D5C1D2A31EC3A81400A34B9D /* PBXTargetDependency */ = {
			isa = PBXTargetDependency;
			target = D56D2BB21EC120150019F018 /* WeatherReport */;
			targetProxy = D5C1D2A21EC3A81400A34B9D /* PBXContainerItemProxy */;
		};
/* End PBXTargetDependency section */

/* Begin PBXVariantGroup section */
		D56D2BC21EC120150019F018 /* Main.storyboard */ = {
			isa = PBXVariantGroup;
			children = (
				D56D2BC31EC120150019F018 /* Base */,
			);
			name = Main.storyboard;
			sourceTree = "<group>";
		};
		D56D2BC71EC120150019F018 /* LaunchScreen.storyboard */ = {
			isa = PBXVariantGroup;
			children = (
				D56D2BC81EC120150019F018 /* Base */,
			);
			name = LaunchScreen.storyboard;
			sourceTree = "<group>";
		};
/* End PBXVariantGroup section */

/* Begin XCBuildConfiguration section */
		D56D2BD61EC120160019F018 /* Debug */ = {
			isa = XCBuildConfiguration;
			buildSettings = {
				ALWAYS_SEARCH_USER_PATHS = NO;
				CLANG_ANALYZER_NONNULL = YES;
				CLANG_ANALYZER_NUMBER_OBJECT_CONVERSION = YES_AGGRESSIVE;
				CLANG_CXX_LANGUAGE_STANDARD = "gnu++0x";
				CLANG_CXX_LIBRARY = "libc++";
				CLANG_ENABLE_MODULES = YES;
				CLANG_ENABLE_OBJC_ARC = YES;
				CLANG_WARN_BOOL_CONVERSION = YES;
				CLANG_WARN_CONSTANT_CONVERSION = YES;
				CLANG_WARN_DIRECT_OBJC_ISA_USAGE = YES_ERROR;
				CLANG_WARN_DOCUMENTATION_COMMENTS = YES;
				CLANG_WARN_EMPTY_BODY = YES;
				CLANG_WARN_ENUM_CONVERSION = YES;
				CLANG_WARN_INFINITE_RECURSION = YES;
				CLANG_WARN_INT_CONVERSION = YES;
				CLANG_WARN_OBJC_ROOT_CLASS = YES_ERROR;
				CLANG_WARN_SUSPICIOUS_MOVE = YES;
				CLANG_WARN_UNREACHABLE_CODE = YES;
				CLANG_WARN__DUPLICATE_METHOD_MATCH = YES;
				"CODE_SIGN_IDENTITY[sdk=iphoneos*]" = "iPhone Developer";
				COPY_PHASE_STRIP = NO;
				DEBUG_INFORMATION_FORMAT = dwarf;
				ENABLE_STRICT_OBJC_MSGSEND = YES;
				ENABLE_TESTABILITY = YES;
				GCC_C_LANGUAGE_STANDARD = gnu99;
				GCC_DYNAMIC_NO_PIC = NO;
				GCC_NO_COMMON_BLOCKS = YES;
				GCC_OPTIMIZATION_LEVEL = 0;
				GCC_PREPROCESSOR_DEFINITIONS = (
					"DEBUG=1",
					"$(inherited)",
				);
				GCC_WARN_64_TO_32_BIT_CONVERSION = YES;
				GCC_WARN_ABOUT_RETURN_TYPE = YES_ERROR;
				GCC_WARN_UNDECLARED_SELECTOR = YES;
				GCC_WARN_UNINITIALIZED_AUTOS = YES_AGGRESSIVE;
				GCC_WARN_UNUSED_FUNCTION = YES;
				GCC_WARN_UNUSED_VARIABLE = YES;
				IPHONEOS_DEPLOYMENT_TARGET = 10.3;
				MTL_ENABLE_DEBUG_INFO = YES;
				ONLY_ACTIVE_ARCH = YES;
				SDKROOT = iphoneos;
				TARGETED_DEVICE_FAMILY = "1,2";
			};
			name = Debug;
		};
		D56D2BD71EC120160019F018 /* Release */ = {
			isa = XCBuildConfiguration;
			buildSettings = {
				ALWAYS_SEARCH_USER_PATHS = NO;
				CLANG_ANALYZER_NONNULL = YES;
				CLANG_ANALYZER_NUMBER_OBJECT_CONVERSION = YES_AGGRESSIVE;
				CLANG_CXX_LANGUAGE_STANDARD = "gnu++0x";
				CLANG_CXX_LIBRARY = "libc++";
				CLANG_ENABLE_MODULES = YES;
				CLANG_ENABLE_OBJC_ARC = YES;
				CLANG_WARN_BOOL_CONVERSION = YES;
				CLANG_WARN_CONSTANT_CONVERSION = YES;
				CLANG_WARN_DIRECT_OBJC_ISA_USAGE = YES_ERROR;
				CLANG_WARN_DOCUMENTATION_COMMENTS = YES;
				CLANG_WARN_EMPTY_BODY = YES;
				CLANG_WARN_ENUM_CONVERSION = YES;
				CLANG_WARN_INFINITE_RECURSION = YES;
				CLANG_WARN_INT_CONVERSION = YES;
				CLANG_WARN_OBJC_ROOT_CLASS = YES_ERROR;
				CLANG_WARN_SUSPICIOUS_MOVE = YES;
				CLANG_WARN_UNREACHABLE_CODE = YES;
				CLANG_WARN__DUPLICATE_METHOD_MATCH = YES;
				"CODE_SIGN_IDENTITY[sdk=iphoneos*]" = "iPhone Developer";
				COPY_PHASE_STRIP = NO;
				DEBUG_INFORMATION_FORMAT = "dwarf-with-dsym";
				ENABLE_NS_ASSERTIONS = NO;
				ENABLE_STRICT_OBJC_MSGSEND = YES;
				GCC_C_LANGUAGE_STANDARD = gnu99;
				GCC_NO_COMMON_BLOCKS = YES;
				GCC_WARN_64_TO_32_BIT_CONVERSION = YES;
				GCC_WARN_ABOUT_RETURN_TYPE = YES_ERROR;
				GCC_WARN_UNDECLARED_SELECTOR = YES;
				GCC_WARN_UNINITIALIZED_AUTOS = YES_AGGRESSIVE;
				GCC_WARN_UNUSED_FUNCTION = YES;
				GCC_WARN_UNUSED_VARIABLE = YES;
				IPHONEOS_DEPLOYMENT_TARGET = 10.3;
				MTL_ENABLE_DEBUG_INFO = NO;
				SDKROOT = iphoneos;
				TARGETED_DEVICE_FAMILY = "1,2";
				VALIDATE_PRODUCT = YES;
			};
			name = Release;
		};
		D56D2BD91EC120160019F018 /* Debug */ = {
			isa = XCBuildConfiguration;
			buildSettings = {
				ASSETCATALOG_COMPILER_APPICON_NAME = AppIcon;
				ASSETCATALOG_COMPILER_LAUNCHIMAGE_NAME = LaunchImage;
				DEVELOPMENT_TEAM = EDNPN88343;
				GCC_PRECOMPILE_PREFIX_HEADER = YES;
				GCC_PREFIX_HEADER = WeatherReport/PrefixHeader.pch;
				INFOPLIST_FILE = WeatherReport/Info.plist;
				IPHONEOS_DEPLOYMENT_TARGET = 9.0;
				LD_RUNPATH_SEARCH_PATHS = "$(inherited) @executable_path/Frameworks";
				PRODUCT_BUNDLE_IDENTIFIER = com.lux.WeatherReport;
				PRODUCT_NAME = "$(TARGET_NAME)";
			};
			name = Debug;
		};
		D56D2BDA1EC120160019F018 /* Release */ = {
			isa = XCBuildConfiguration;
			buildSettings = {
				ASSETCATALOG_COMPILER_APPICON_NAME = AppIcon;
				ASSETCATALOG_COMPILER_LAUNCHIMAGE_NAME = LaunchImage;
				DEVELOPMENT_TEAM = EDNPN88343;
				GCC_PRECOMPILE_PREFIX_HEADER = YES;
				GCC_PREFIX_HEADER = WeatherReport/PrefixHeader.pch;
				INFOPLIST_FILE = WeatherReport/Info.plist;
				IPHONEOS_DEPLOYMENT_TARGET = 9.0;
				LD_RUNPATH_SEARCH_PATHS = "$(inherited) @executable_path/Frameworks";
				PRODUCT_BUNDLE_IDENTIFIER = com.lux.WeatherReport;
				PRODUCT_NAME = "$(TARGET_NAME)";
			};
			name = Release;
		};
		D5C1D2A51EC3A81400A34B9D /* Debug */ = {
			isa = XCBuildConfiguration;
			buildSettings = {
				BUNDLE_LOADER = "$(TEST_HOST)";
				DEVELOPMENT_TEAM = EDNPN88343;
				INFOPLIST_FILE = WeatherReportTests/Info.plist;
				LD_RUNPATH_SEARCH_PATHS = "$(inherited) @executable_path/Frameworks @loader_path/Frameworks";
				PRODUCT_BUNDLE_IDENTIFIER = com.lux.WeatherReportTests;
				PRODUCT_NAME = "$(TARGET_NAME)";
				TEST_HOST = "$(BUILT_PRODUCTS_DIR)/WeatherReport.app/WeatherReport";
			};
			name = Debug;
		};
		D5C1D2A61EC3A81400A34B9D /* Release */ = {
			isa = XCBuildConfiguration;
			buildSettings = {
				BUNDLE_LOADER = "$(TEST_HOST)";
				DEVELOPMENT_TEAM = EDNPN88343;
				INFOPLIST_FILE = WeatherReportTests/Info.plist;
				LD_RUNPATH_SEARCH_PATHS = "$(inherited) @executable_path/Frameworks @loader_path/Frameworks";
				PRODUCT_BUNDLE_IDENTIFIER = com.lux.WeatherReportTests;
				PRODUCT_NAME = "$(TARGET_NAME)";
				TEST_HOST = "$(BUILT_PRODUCTS_DIR)/WeatherReport.app/WeatherReport";
			};
			name = Release;
		};
/* End XCBuildConfiguration section */

/* Begin XCConfigurationList section */
		D56D2BAE1EC120150019F018 /* Build configuration list for PBXProject "WeatherReport" */ = {
			isa = XCConfigurationList;
			buildConfigurations = (
				D56D2BD61EC120160019F018 /* Debug */,
				D56D2BD71EC120160019F018 /* Release */,
			);
			defaultConfigurationIsVisible = 0;
			defaultConfigurationName = Release;
		};
		D56D2BD81EC120160019F018 /* Build configuration list for PBXNativeTarget "WeatherReport" */ = {
			isa = XCConfigurationList;
			buildConfigurations = (
				D56D2BD91EC120160019F018 /* Debug */,
				D56D2BDA1EC120160019F018 /* Release */,
			);
			defaultConfigurationIsVisible = 0;
			defaultConfigurationName = Release;
		};
		D5C1D2A41EC3A81400A34B9D /* Build configuration list for PBXNativeTarget "WeatherReportTests" */ = {
			isa = XCConfigurationList;
			buildConfigurations = (
				D5C1D2A51EC3A81400A34B9D /* Debug */,
				D5C1D2A61EC3A81400A34B9D /* Release */,
			);
			defaultConfigurationIsVisible = 0;
			defaultConfigurationName = Release;
		};
/* End XCConfigurationList section */
	};
	rootObject = D56D2BAB1EC120150019F018 /* Project object */;
}
